
Microsoft Visual Studio Solution File, Format Version 12.00
Project("{FAE04EC0-301F-11D3-BF4B-00C04F79EFBC}") = "Zadanie2", "Zadanie2.csproj", "{623747D8-2868-45AE-8ABC-7BF6ED34ECEF}"
EndProject
Global
	GlobalSection(SolutionConfigurationPlatforms) = preSolution
		Debug|Any CPU = Debug|Any CPU
		Release|Any CPU = Release|Any CPU
	EndGlobalSection
	GlobalSection(ProjectConfigurationPlatforms) = postSolution
		{623747D8-2868-45AE-8ABC-7BF6ED34ECEF}.Debug|Any CPU.ActiveCfg = Debug|Any CPU
		{623747D8-2868-45AE-8ABC-7BF6ED34ECEF}.Debug|Any CPU.Build.0 = Debug|Any CPU
		{623747D8-2868-45AE-8ABC-7BF6ED34ECEF}.Release|Any CPU.ActiveCfg = Release|Any CPU
		{623747D8-2868-45AE-8ABC-7BF6ED34ECEF}.Release|Any CPU.Build.0 = Release|Any CPU
	EndGlobalSection
EndGlobal
